// !$*UTF8*$!
{
	archiveVersion = 1;
	classes = {
	};
	objectVersion = 56;
	objects = {

/* Begin PBXBuildFile section */
		4FFD1ECE2A5E1B080033A127 /* myDanceJourneyApp.swift in Sources */ = {isa = PBXBuildFile; fileRef = 4FFD1ECD2A5E1B080033A127 /* myDanceJourneyApp.swift */; };
		4FFD1ED02A5E1B080033A127 /* ContentView.swift in Sources */ = {isa = PBXBuildFile; fileRef = 4FFD1ECF2A5E1B080033A127 /* ContentView.swift */; };
		4FFD1ED22A5E1B090033A127 /* Assets.xcassets in Resources */ = {isa = PBXBuildFile; fileRef = 4FFD1ED12A5E1B090033A127 /* Assets.xcassets */; };
		4FFD1ED52A5E1B090033A127 /* Preview Assets.xcassets in Resources */ = {isa = PBXBuildFile; fileRef = 4FFD1ED42A5E1B090033A127 /* Preview Assets.xcassets */; };
		4FFD1EDD2A5E1C990033A127 /* AuthenticationView.swift in Sources */ = {isa = PBXBuildFile; fileRef = 4FFD1EDC2A5E1C990033A127 /* AuthenticationView.swift */; };
		4FFD1EE02A5E1D6A0033A127 /* AuthenticationViewModel.swift in Sources */ = {isa = PBXBuildFile; fileRef = 4FFD1EDF2A5E1D6A0033A127 /* AuthenticationViewModel.swift */; };
		4FFD1EE22A5E2B2F0033A127 /* SetupProfileView.swift in Sources */ = {isa = PBXBuildFile; fileRef = 4FFD1EE12A5E2B2F0033A127 /* SetupProfileView.swift */; };
		4FFD1EE42A5E2B370033A127 /* SetupProfileViewModel.swift in Sources */ = {isa = PBXBuildFile; fileRef = 4FFD1EE32A5E2B370033A127 /* SetupProfileViewModel.swift */; };
		4FFD1EE72A5E2B7D0033A127 /* AuthenticationTextfieldStyle.swift in Sources */ = {isa = PBXBuildFile; fileRef = 4FFD1EE62A5E2B7C0033A127 /* AuthenticationTextfieldStyle.swift */; };
		4FFD1EE92A5E2BA40033A127 /* AuthenticationButtonStyle.swift in Sources */ = {isa = PBXBuildFile; fileRef = 4FFD1EE82A5E2BA40033A127 /* AuthenticationButtonStyle.swift */; };
		4FFD1EEB2A5F61C80033A127 /* AppView.swift in Sources */ = {isa = PBXBuildFile; fileRef = 4FFD1EEA2A5F61C80033A127 /* AppView.swift */; };
		4FFD1EED2A5F61D50033A127 /* AppViewModel.swift in Sources */ = {isa = PBXBuildFile; fileRef = 4FFD1EEC2A5F61D50033A127 /* AppViewModel.swift */; };
		4FFD1EEF2A5F62DC0033A127 /* HomeView.swift in Sources */ = {isa = PBXBuildFile; fileRef = 4FFD1EEE2A5F62DC0033A127 /* HomeView.swift */; };
		4FFD1EF12A5F631D0033A127 /* SavedMusicView.swift in Sources */ = {isa = PBXBuildFile; fileRef = 4FFD1EF02A5F631D0033A127 /* SavedMusicView.swift */; };
		4FFD1EF32A5F63330033A127 /* ProfileView.swift in Sources */ = {isa = PBXBuildFile; fileRef = 4FFD1EF22A5F63330033A127 /* ProfileView.swift */; };
		4FFD1EF52A5F63390033A127 /* ExploreView.swift in Sources */ = {isa = PBXBuildFile; fileRef = 4FFD1EF42A5F63390033A127 /* ExploreView.swift */; };
		4FFD1EF72A5F63520033A127 /* CameraView.swift in Sources */ = {isa = PBXBuildFile; fileRef = 4FFD1EF62A5F63520033A127 /* CameraView.swift */; };
		4FFD1EF92A5FDF800033A127 /* HomeViewModel.swift in Sources */ = {isa = PBXBuildFile; fileRef = 4FFD1EF82A5FDF800033A127 /* HomeViewModel.swift */; };
		4FFD1EFB2A5FE7510033A127 /* SavedMusicViewModel.swift in Sources */ = {isa = PBXBuildFile; fileRef = 4FFD1EFA2A5FE7510033A127 /* SavedMusicViewModel.swift */; };
		4FFD1EFD2A607A580033A127 /* CameraViewModel.swift in Sources */ = {isa = PBXBuildFile; fileRef = 4FFD1EFC2A607A580033A127 /* CameraViewModel.swift */; };
		4FFD1F002A6093870033A127 /* CameraService.swift in Sources */ = {isa = PBXBuildFile; fileRef = 4FFD1EFF2A6093870033A127 /* CameraService.swift */; };
		4FFD1F022A60939F0033A127 /* CameraServiceView.swift in Sources */ = {isa = PBXBuildFile; fileRef = 4FFD1F012A60939F0033A127 /* CameraServiceView.swift */; };
		4FFD1F042A60B5440033A127 /* ProfileViewModel.swift in Sources */ = {isa = PBXBuildFile; fileRef = 4FFD1F032A60B5440033A127 /* ProfileViewModel.swift */; };
		4FFD1F062A60BC990033A127 /* DanceStyle.swift in Sources */ = {isa = PBXBuildFile; fileRef = 4FFD1F052A60BC990033A127 /* DanceStyle.swift */; };
		4FFD1F082A60BDAD0033A127 /* ExploreViewModel.swift in Sources */ = {isa = PBXBuildFile; fileRef = 4FFD1F072A60BDAD0033A127 /* ExploreViewModel.swift */; };
		4FFD1F0A2A611C150033A127 /* ProfileManager.swift in Sources */ = {isa = PBXBuildFile; fileRef = 4FFD1F092A611C150033A127 /* ProfileManager.swift */; };
		4FFD1F0C2A611C860033A127 /* Song.swift in Sources */ = {isa = PBXBuildFile; fileRef = 4FFD1F0B2A611C860033A127 /* Song.swift */; };
		4FFD1F0E2A611DC50033A127 /* DanceGoal.swift in Sources */ = {isa = PBXBuildFile; fileRef = 4FFD1F0D2A611DC50033A127 /* DanceGoal.swift */; };
		4FFD1F102A611DD90033A127 /* DanceLevel.swift in Sources */ = {isa = PBXBuildFile; fileRef = 4FFD1F0F2A611DD90033A127 /* DanceLevel.swift */; };
/* End PBXBuildFile section */

/* Begin PBXFileReference section */
		4FFD1ECA2A5E1B080033A127 /* myDanceJourney.app */ = {isa = PBXFileReference; explicitFileType = wrapper.application; includeInIndex = 0; path = myDanceJourney.app; sourceTree = BUILT_PRODUCTS_DIR; };
		4FFD1ECD2A5E1B080033A127 /* myDanceJourneyApp.swift */ = {isa = PBXFileReference; lastKnownFileType = sourcecode.swift; path = myDanceJourneyApp.swift; sourceTree = "<group>"; };
		4FFD1ECF2A5E1B080033A127 /* ContentView.swift */ = {isa = PBXFileReference; lastKnownFileType = sourcecode.swift; path = ContentView.swift; sourceTree = "<group>"; };
		4FFD1ED12A5E1B090033A127 /* Assets.xcassets */ = {isa = PBXFileReference; lastKnownFileType = folder.assetcatalog; path = Assets.xcassets; sourceTree = "<group>"; };
		4FFD1ED42A5E1B090033A127 /* Preview Assets.xcassets */ = {isa = PBXFileReference; lastKnownFileType = folder.assetcatalog; path = "Preview Assets.xcassets"; sourceTree = "<group>"; };
		4FFD1EDC2A5E1C990033A127 /* AuthenticationView.swift */ = {isa = PBXFileReference; lastKnownFileType = sourcecode.swift; path = AuthenticationView.swift; sourceTree = "<group>"; };
		4FFD1EDF2A5E1D6A0033A127 /* AuthenticationViewModel.swift */ = {isa = PBXFileReference; lastKnownFileType = sourcecode.swift; path = AuthenticationViewModel.swift; sourceTree = "<group>"; };
		4FFD1EE12A5E2B2F0033A127 /* SetupProfileView.swift */ = {isa = PBXFileReference; lastKnownFileType = sourcecode.swift; path = SetupProfileView.swift; sourceTree = "<group>"; };
		4FFD1EE32A5E2B370033A127 /* SetupProfileViewModel.swift */ = {isa = PBXFileReference; lastKnownFileType = sourcecode.swift; path = SetupProfileViewModel.swift; sourceTree = "<group>"; };
		4FFD1EE62A5E2B7C0033A127 /* AuthenticationTextfieldStyle.swift */ = {isa = PBXFileReference; lastKnownFileType = sourcecode.swift; path = AuthenticationTextfieldStyle.swift; sourceTree = "<group>"; };
		4FFD1EE82A5E2BA40033A127 /* AuthenticationButtonStyle.swift */ = {isa = PBXFileReference; lastKnownFileType = sourcecode.swift; path = AuthenticationButtonStyle.swift; sourceTree = "<group>"; };
		4FFD1EEA2A5F61C80033A127 /* AppView.swift */ = {isa = PBXFileReference; lastKnownFileType = sourcecode.swift; path = AppView.swift; sourceTree = "<group>"; };
		4FFD1EEC2A5F61D50033A127 /* AppViewModel.swift */ = {isa = PBXFileReference; lastKnownFileType = sourcecode.swift; path = AppViewModel.swift; sourceTree = "<group>"; };
		4FFD1EEE2A5F62DC0033A127 /* HomeView.swift */ = {isa = PBXFileReference; lastKnownFileType = sourcecode.swift; path = HomeView.swift; sourceTree = "<group>"; };
		4FFD1EF02A5F631D0033A127 /* SavedMusicView.swift */ = {isa = PBXFileReference; lastKnownFileType = sourcecode.swift; path = SavedMusicView.swift; sourceTree = "<group>"; };
		4FFD1EF22A5F63330033A127 /* ProfileView.swift */ = {isa = PBXFileReference; lastKnownFileType = sourcecode.swift; path = ProfileView.swift; sourceTree = "<group>"; };
		4FFD1EF42A5F63390033A127 /* ExploreView.swift */ = {isa = PBXFileReference; lastKnownFileType = sourcecode.swift; path = ExploreView.swift; sourceTree = "<group>"; };
		4FFD1EF62A5F63520033A127 /* CameraView.swift */ = {isa = PBXFileReference; lastKnownFileType = sourcecode.swift; path = CameraView.swift; sourceTree = "<group>"; };
		4FFD1EF82A5FDF800033A127 /* HomeViewModel.swift */ = {isa = PBXFileReference; lastKnownFileType = sourcecode.swift; path = HomeViewModel.swift; sourceTree = "<group>"; };
		4FFD1EFA2A5FE7510033A127 /* SavedMusicViewModel.swift */ = {isa = PBXFileReference; lastKnownFileType = sourcecode.swift; path = SavedMusicViewModel.swift; sourceTree = "<group>"; };
		4FFD1EFC2A607A580033A127 /* CameraViewModel.swift */ = {isa = PBXFileReference; lastKnownFileType = sourcecode.swift; path = CameraViewModel.swift; sourceTree = "<group>"; };
		4FFD1EFF2A6093870033A127 /* CameraService.swift */ = {isa = PBXFileReference; lastKnownFileType = sourcecode.swift; path = CameraService.swift; sourceTree = "<group>"; };
		4FFD1F012A60939F0033A127 /* CameraServiceView.swift */ = {isa = PBXFileReference; lastKnownFileType = sourcecode.swift; path = CameraServiceView.swift; sourceTree = "<group>"; };
		4FFD1F032A60B5440033A127 /* ProfileViewModel.swift */ = {isa = PBXFileReference; lastKnownFileType = sourcecode.swift; path = ProfileViewModel.swift; sourceTree = "<group>"; };
		4FFD1F052A60BC990033A127 /* DanceStyle.swift */ = {isa = PBXFileReference; lastKnownFileType = sourcecode.swift; path = DanceStyle.swift; sourceTree = "<group>"; };
		4FFD1F072A60BDAD0033A127 /* ExploreViewModel.swift */ = {isa = PBXFileReference; lastKnownFileType = sourcecode.swift; path = ExploreViewModel.swift; sourceTree = "<group>"; };
		4FFD1F092A611C150033A127 /* ProfileManager.swift */ = {isa = PBXFileReference; lastKnownFileType = sourcecode.swift; path = ProfileManager.swift; sourceTree = "<group>"; };
		4FFD1F0B2A611C860033A127 /* Song.swift */ = {isa = PBXFileReference; lastKnownFileType = sourcecode.swift; path = Song.swift; sourceTree = "<group>"; };
		4FFD1F0D2A611DC50033A127 /* DanceGoal.swift */ = {isa = PBXFileReference; lastKnownFileType = sourcecode.swift; path = DanceGoal.swift; sourceTree = "<group>"; };
		4FFD1F0F2A611DD90033A127 /* DanceLevel.swift */ = {isa = PBXFileReference; lastKnownFileType = sourcecode.swift; path = DanceLevel.swift; sourceTree = "<group>"; };
/* End PBXFileReference section */

/* Begin PBXFrameworksBuildPhase section */
		4FFD1EC72A5E1B080033A127 /* Frameworks */ = {
			isa = PBXFrameworksBuildPhase;
			buildActionMask = 2147483647;
			files = (
			);
			runOnlyForDeploymentPostprocessing = 0;
		};
/* End PBXFrameworksBuildPhase section */

/* Begin PBXGroup section */
		4FFD1EC12A5E1B080033A127 = {
			isa = PBXGroup;
			children = (
				4FFD1ECC2A5E1B080033A127 /* myDanceJourney */,
				4FFD1ECB2A5E1B080033A127 /* Products */,
			);
			sourceTree = "<group>";
		};
		4FFD1ECB2A5E1B080033A127 /* Products */ = {
			isa = PBXGroup;
			children = (
				4FFD1ECA2A5E1B080033A127 /* myDanceJourney.app */,
			);
			name = Products;
			sourceTree = "<group>";
		};
		4FFD1ECC2A5E1B080033A127 /* myDanceJourney */ = {
			isa = PBXGroup;
			children = (
				4FFD1ECD2A5E1B080033A127 /* myDanceJourneyApp.swift */,
				4FFD1ECF2A5E1B080033A127 /* ContentView.swift */,
				4FFD1EFE2A60937B0033A127 /* Models */,
				4FFD1EDE2A5E1D570033A127 /* View Models */,
				4FFD1EDB2A5E1C890033A127 /* Views */,
				4FFD1ED12A5E1B090033A127 /* Assets.xcassets */,
				4FFD1ED32A5E1B090033A127 /* Preview Content */,
			);
			path = myDanceJourney;
			sourceTree = "<group>";
		};
		4FFD1ED32A5E1B090033A127 /* Preview Content */ = {
			isa = PBXGroup;
			children = (
				4FFD1ED42A5E1B090033A127 /* Preview Assets.xcassets */,
			);
			path = "Preview Content";
			sourceTree = "<group>";
		};
		4FFD1EDB2A5E1C890033A127 /* Views */ = {
			isa = PBXGroup;
			children = (
				4FFD1EDC2A5E1C990033A127 /* AuthenticationView.swift */,
				4FFD1EEA2A5F61C80033A127 /* AppView.swift */,
				4FFD1EF02A5F631D0033A127 /* SavedMusicView.swift */,
				4FFD1EF22A5F63330033A127 /* ProfileView.swift */,
				4FFD1EF42A5F63390033A127 /* ExploreView.swift */,
				4FFD1EF62A5F63520033A127 /* CameraView.swift */,
				4FFD1F012A60939F0033A127 /* CameraServiceView.swift */,
				4FFD1EEE2A5F62DC0033A127 /* HomeView.swift */,
				4FFD1EE12A5E2B2F0033A127 /* SetupProfileView.swift */,
				4FFD1EE52A5E2B5D0033A127 /* ViewModifiers */,
			);
			path = Views;
			sourceTree = "<group>";
		};
		4FFD1EDE2A5E1D570033A127 /* View Models */ = {
			isa = PBXGroup;
			children = (
				4FFD1EDF2A5E1D6A0033A127 /* AuthenticationViewModel.swift */,
				4FFD1EE32A5E2B370033A127 /* SetupProfileViewModel.swift */,
				4FFD1EEC2A5F61D50033A127 /* AppViewModel.swift */,
				4FFD1EFA2A5FE7510033A127 /* SavedMusicViewModel.swift */,
				4FFD1F032A60B5440033A127 /* ProfileViewModel.swift */,
				4FFD1F072A60BDAD0033A127 /* ExploreViewModel.swift */,
				4FFD1EF82A5FDF800033A127 /* HomeViewModel.swift */,
				4FFD1EFC2A607A580033A127 /* CameraViewModel.swift */,
			);
			path = "View Models";
			sourceTree = "<group>";
		};
		4FFD1EE52A5E2B5D0033A127 /* ViewModifiers */ = {
			isa = PBXGroup;
			children = (
				4FFD1EE62A5E2B7C0033A127 /* AuthenticationTextfieldStyle.swift */,
				4FFD1EE82A5E2BA40033A127 /* AuthenticationButtonStyle.swift */,
			);
			path = ViewModifiers;
			sourceTree = "<group>";
		};
		4FFD1EFE2A60937B0033A127 /* Models */ = {
			isa = PBXGroup;
			children = (
				4FFD1EFF2A6093870033A127 /* CameraService.swift */,
				4FFD1F052A60BC990033A127 /* DanceStyle.swift */,
				4FFD1F0F2A611DD90033A127 /* DanceLevel.swift */,
				4FFD1F092A611C150033A127 /* ProfileManager.swift */,
				4FFD1F0B2A611C860033A127 /* Song.swift */,
				4FFD1F0D2A611DC50033A127 /* DanceGoal.swift */,
			);
			path = Models;
			sourceTree = "<group>";
		};
/* End PBXGroup section */

/* Begin PBXNativeTarget section */
		4FFD1EC92A5E1B080033A127 /* myDanceJourney */ = {
			isa = PBXNativeTarget;
			buildConfigurationList = 4FFD1ED82A5E1B090033A127 /* Build configuration list for PBXNativeTarget "myDanceJourney" */;
			buildPhases = (
				4FFD1EC62A5E1B080033A127 /* Sources */,
				4FFD1EC72A5E1B080033A127 /* Frameworks */,
				4FFD1EC82A5E1B080033A127 /* Resources */,
			);
			buildRules = (
			);
			dependencies = (
			);
			name = myDanceJourney;
			productName = myDanceJourney;
			productReference = 4FFD1ECA2A5E1B080033A127 /* myDanceJourney.app */;
			productType = "com.apple.product-type.application";
		};
/* End PBXNativeTarget section */

/* Begin PBXProject section */
		4FFD1EC22A5E1B080033A127 /* Project object */ = {
			isa = PBXProject;
			attributes = {
				BuildIndependentTargetsInParallel = 1;
				LastSwiftUpdateCheck = 1430;
				LastUpgradeCheck = 1430;
				TargetAttributes = {
					4FFD1EC92A5E1B080033A127 = {
						CreatedOnToolsVersion = 14.3.1;
					};
				};
			};
			buildConfigurationList = 4FFD1EC52A5E1B080033A127 /* Build configuration list for PBXProject "myDanceJourney" */;
			compatibilityVersion = "Xcode 14.0";
			developmentRegion = en;
			hasScannedForEncodings = 0;
			knownRegions = (
				en,
				Base,
			);
			mainGroup = 4FFD1EC12A5E1B080033A127;
			productRefGroup = 4FFD1ECB2A5E1B080033A127 /* Products */;
			projectDirPath = "";
			projectRoot = "";
			targets = (
				4FFD1EC92A5E1B080033A127 /* myDanceJourney */,
			);
		};
/* End PBXProject section */

/* Begin PBXResourcesBuildPhase section */
		4FFD1EC82A5E1B080033A127 /* Resources */ = {
			isa = PBXResourcesBuildPhase;
			buildActionMask = 2147483647;
			files = (
				4FFD1ED52A5E1B090033A127 /* Preview Assets.xcassets in Resources */,
				4FFD1ED22A5E1B090033A127 /* Assets.xcassets in Resources */,
			);
			runOnlyForDeploymentPostprocessing = 0;
		};
/* End PBXResourcesBuildPhase section */

/* Begin PBXSourcesBuildPhase section */
		4FFD1EC62A5E1B080033A127 /* Sources */ = {
			isa = PBXSourcesBuildPhase;
			buildActionMask = 2147483647;
			files = (
				4FFD1EED2A5F61D50033A127 /* AppViewModel.swift in Sources */,
				4FFD1F102A611DD90033A127 /* DanceLevel.swift in Sources */,
				4FFD1F0A2A611C150033A127 /* ProfileManager.swift in Sources */,
				4FFD1F002A6093870033A127 /* CameraService.swift in Sources */,
				4FFD1EF32A5F63330033A127 /* ProfileView.swift in Sources */,
				4FFD1EE42A5E2B370033A127 /* SetupProfileViewModel.swift in Sources */,
				4FFD1EF92A5FDF800033A127 /* HomeViewModel.swift in Sources */,
				4FFD1EF72A5F63520033A127 /* CameraView.swift in Sources */,
				4FFD1F042A60B5440033A127 /* ProfileViewModel.swift in Sources */,
				4FFD1EFD2A607A580033A127 /* CameraViewModel.swift in Sources */,
				4FFD1EF12A5F631D0033A127 /* SavedMusicView.swift in Sources */,
				4FFD1EE92A5E2BA40033A127 /* AuthenticationButtonStyle.swift in Sources */,
				4FFD1EEB2A5F61C80033A127 /* AppView.swift in Sources */,
				4FFD1EE02A5E1D6A0033A127 /* AuthenticationViewModel.swift in Sources */,
				4FFD1EFB2A5FE7510033A127 /* SavedMusicViewModel.swift in Sources */,
				4FFD1EF52A5F63390033A127 /* ExploreView.swift in Sources */,
				4FFD1EEF2A5F62DC0033A127 /* HomeView.swift in Sources */,
				4FFD1EE22A5E2B2F0033A127 /* SetupProfileView.swift in Sources */,
				4FFD1F022A60939F0033A127 /* CameraServiceView.swift in Sources */,
				4FFD1F062A60BC990033A127 /* DanceStyle.swift in Sources */,
				4FFD1F0C2A611C860033A127 /* Song.swift in Sources */,
				4FFD1F082A60BDAD0033A127 /* ExploreViewModel.swift in Sources */,
				4FFD1EE72A5E2B7D0033A127 /* AuthenticationTextfieldStyle.swift in Sources */,
				4FFD1ED02A5E1B080033A127 /* ContentView.swift in Sources */,
				4FFD1ECE2A5E1B080033A127 /* myDanceJourneyApp.swift in Sources */,
				4FFD1F0E2A611DC50033A127 /* DanceGoal.swift in Sources */,
				4FFD1EDD2A5E1C990033A127 /* AuthenticationView.swift in Sources */,
			);
			runOnlyForDeploymentPostprocessing = 0;
		};
/* End PBXSourcesBuildPhase section */

/* Begin XCBuildConfiguration section */
		4FFD1ED62A5E1B090033A127 /* Debug */ = {
			isa = XCBuildConfiguration;
			buildSettings = {
				ALWAYS_SEARCH_USER_PATHS = NO;
				CLANG_ANALYZER_NONNULL = YES;
				CLANG_ANALYZER_NUMBER_OBJECT_CONVERSION = YES_AGGRESSIVE;
				CLANG_CXX_LANGUAGE_STANDARD = "gnu++20";
				CLANG_ENABLE_MODULES = YES;
				CLANG_ENABLE_OBJC_ARC = YES;
				CLANG_ENABLE_OBJC_WEAK = YES;
				CLANG_WARN_BLOCK_CAPTURE_AUTORELEASING = YES;
				CLANG_WARN_BOOL_CONVERSION = YES;
				CLANG_WARN_COMMA = YES;
				CLANG_WARN_CONSTANT_CONVERSION = YES;
				CLANG_WARN_DEPRECATED_OBJC_IMPLEMENTATIONS = YES;
				CLANG_WARN_DIRECT_OBJC_ISA_USAGE = YES_ERROR;
				CLANG_WARN_DOCUMENTATION_COMMENTS = YES;
				CLANG_WARN_EMPTY_BODY = YES;
				CLANG_WARN_ENUM_CONVERSION = YES;
				CLANG_WARN_INFINITE_RECURSION = YES;
				CLANG_WARN_INT_CONVERSION = YES;
				CLANG_WARN_NON_LITERAL_NULL_CONVERSION = YES;
				CLANG_WARN_OBJC_IMPLICIT_RETAIN_SELF = YES;
				CLANG_WARN_OBJC_LITERAL_CONVERSION = YES;
				CLANG_WARN_OBJC_ROOT_CLASS = YES_ERROR;
				CLANG_WARN_QUOTED_INCLUDE_IN_FRAMEWORK_HEADER = YES;
				CLANG_WARN_RANGE_LOOP_ANALYSIS = YES;
				CLANG_WARN_STRICT_PROTOTYPES = YES;
				CLANG_WARN_SUSPICIOUS_MOVE = YES;
				CLANG_WARN_UNGUARDED_AVAILABILITY = YES_AGGRESSIVE;
				CLANG_WARN_UNREACHABLE_CODE = YES;
				CLANG_WARN__DUPLICATE_METHOD_MATCH = YES;
				COPY_PHASE_STRIP = NO;
				DEBUG_INFORMATION_FORMAT = dwarf;
				ENABLE_STRICT_OBJC_MSGSEND = YES;
				ENABLE_TESTABILITY = YES;
				GCC_C_LANGUAGE_STANDARD = gnu11;
				GCC_DYNAMIC_NO_PIC = NO;
				GCC_NO_COMMON_BLOCKS = YES;
				GCC_OPTIMIZATION_LEVEL = 0;
				GCC_PREPROCESSOR_DEFINITIONS = (
					"DEBUG=1",
					"$(inherited)",
				);
				GCC_WARN_64_TO_32_BIT_CONVERSION = YES;
				GCC_WARN_ABOUT_RETURN_TYPE = YES_ERROR;
				GCC_WARN_UNDECLARED_SELECTOR = YES;
				GCC_WARN_UNINITIALIZED_AUTOS = YES_AGGRESSIVE;
				GCC_WARN_UNUSED_FUNCTION = YES;
				GCC_WARN_UNUSED_VARIABLE = YES;
				IPHONEOS_DEPLOYMENT_TARGET = 16.4;
				MTL_ENABLE_DEBUG_INFO = INCLUDE_SOURCE;
				MTL_FAST_MATH = YES;
				ONLY_ACTIVE_ARCH = YES;
				SDKROOT = iphoneos;
				SWIFT_ACTIVE_COMPILATION_CONDITIONS = DEBUG;
				SWIFT_OPTIMIZATION_LEVEL = "-Onone";
			};
			name = Debug;
		};
		4FFD1ED72A5E1B090033A127 /* Release */ = {
			isa = XCBuildConfiguration;
			buildSettings = {
				ALWAYS_SEARCH_USER_PATHS = NO;
				CLANG_ANALYZER_NONNULL = YES;
				CLANG_ANALYZER_NUMBER_OBJECT_CONVERSION = YES_AGGRESSIVE;
				CLANG_CXX_LANGUAGE_STANDARD = "gnu++20";
				CLANG_ENABLE_MODULES = YES;
				CLANG_ENABLE_OBJC_ARC = YES;
				CLANG_ENABLE_OBJC_WEAK = YES;
				CLANG_WARN_BLOCK_CAPTURE_AUTORELEASING = YES;
				CLANG_WARN_BOOL_CONVERSION = YES;
				CLANG_WARN_COMMA = YES;
				CLANG_WARN_CONSTANT_CONVERSION = YES;
				CLANG_WARN_DEPRECATED_OBJC_IMPLEMENTATIONS = YES;
				CLANG_WARN_DIRECT_OBJC_ISA_USAGE = YES_ERROR;
				CLANG_WARN_DOCUMENTATION_COMMENTS = YES;
				CLANG_WARN_EMPTY_BODY = YES;
				CLANG_WARN_ENUM_CONVERSION = YES;
				CLANG_WARN_INFINITE_RECURSION = YES;
				CLANG_WARN_INT_CONVERSION = YES;
				CLANG_WARN_NON_LITERAL_NULL_CONVERSION = YES;
				CLANG_WARN_OBJC_IMPLICIT_RETAIN_SELF = YES;
				CLANG_WARN_OBJC_LITERAL_CONVERSION = YES;
				CLANG_WARN_OBJC_ROOT_CLASS = YES_ERROR;
				CLANG_WARN_QUOTED_INCLUDE_IN_FRAMEWORK_HEADER = YES;
				CLANG_WARN_RANGE_LOOP_ANALYSIS = YES;
				CLANG_WARN_STRICT_PROTOTYPES = YES;
				CLANG_WARN_SUSPICIOUS_MOVE = YES;
				CLANG_WARN_UNGUARDED_AVAILABILITY = YES_AGGRESSIVE;
				CLANG_WARN_UNREACHABLE_CODE = YES;
				CLANG_WARN__DUPLICATE_METHOD_MATCH = YES;
				COPY_PHASE_STRIP = NO;
				DEBUG_INFORMATION_FORMAT = "dwarf-with-dsym";
				ENABLE_NS_ASSERTIONS = NO;
				ENABLE_STRICT_OBJC_MSGSEND = YES;
				GCC_C_LANGUAGE_STANDARD = gnu11;
				GCC_NO_COMMON_BLOCKS = YES;
				GCC_WARN_64_TO_32_BIT_CONVERSION = YES;
				GCC_WARN_ABOUT_RETURN_TYPE = YES_ERROR;
				GCC_WARN_UNDECLARED_SELECTOR = YES;
				GCC_WARN_UNINITIALIZED_AUTOS = YES_AGGRESSIVE;
				GCC_WARN_UNUSED_FUNCTION = YES;
				GCC_WARN_UNUSED_VARIABLE = YES;
				IPHONEOS_DEPLOYMENT_TARGET = 16.4;
				MTL_ENABLE_DEBUG_INFO = NO;
				MTL_FAST_MATH = YES;
				SDKROOT = iphoneos;
				SWIFT_COMPILATION_MODE = wholemodule;
				SWIFT_OPTIMIZATION_LEVEL = "-O";
				VALIDATE_PRODUCT = YES;
			};
			name = Release;
		};
		4FFD1ED92A5E1B090033A127 /* Debug */ = {
			isa = XCBuildConfiguration;
			buildSettings = {
				ASSETCATALOG_COMPILER_APPICON_NAME = AppIcon;
				ASSETCATALOG_COMPILER_GLOBAL_ACCENT_COLOR_NAME = AccentColor;
				CODE_SIGN_STYLE = Automatic;
				CURRENT_PROJECT_VERSION = 1;
				DEVELOPMENT_ASSET_PATHS = "\"myDanceJourney/Preview Content\"";
				DEVELOPMENT_TEAM = DRK79MG3EB;
				ENABLE_PREVIEWS = YES;
				GENERATE_INFOPLIST_FILE = YES;
				INFOPLIST_KEY_NSCameraUsageDescription = "";
				INFOPLIST_KEY_UIApplicationSceneManifest_Generation = YES;
				INFOPLIST_KEY_UIApplicationSupportsIndirectInputEvents = YES;
				INFOPLIST_KEY_UILaunchScreen_Generation = YES;
				INFOPLIST_KEY_UISupportedInterfaceOrientations_iPad = "UIInterfaceOrientationPortrait UIInterfaceOrientationPortraitUpsideDown UIInterfaceOrientationLandscapeLeft UIInterfaceOrientationLandscapeRight";
				INFOPLIST_KEY_UISupportedInterfaceOrientations_iPhone = "UIInterfaceOrientationPortrait UIInterfaceOrientationLandscapeLeft UIInterfaceOrientationLandscapeRight";
				IPHONEOS_DEPLOYMENT_TARGET = 16.0;
				LD_RUNPATH_SEARCH_PATHS = (
					"$(inherited)",
					"@executable_path/Frameworks",
				);
				MARKETING_VERSION = 1.0;
				PRODUCT_BUNDLE_IDENTIFIER = kumar.rohan.myDanceJourney;
				PRODUCT_NAME = "$(TARGET_NAME)";
				SWIFT_EMIT_LOC_STRINGS = YES;
				SWIFT_VERSION = 5.0;
				TARGETED_DEVICE_FAMILY = "1,2";
			};
			name = Debug;
		};
		4FFD1EDA2A5E1B090033A127 /* Release */ = {
			isa = XCBuildConfiguration;
			buildSettings = {
				ASSETCATALOG_COMPILER_APPICON_NAME = AppIcon;
				ASSETCATALOG_COMPILER_GLOBAL_ACCENT_COLOR_NAME = AccentColor;
				CODE_SIGN_STYLE = Automatic;
				CURRENT_PROJECT_VERSION = 1;
				DEVELOPMENT_ASSET_PATHS = "\"myDanceJourney/Preview Content\"";
				DEVELOPMENT_TEAM = DRK79MG3EB;
				ENABLE_PREVIEWS = YES;
				GENERATE_INFOPLIST_FILE = YES;
				INFOPLIST_KEY_NSCameraUsageDescription = "";
				INFOPLIST_KEY_UIApplicationSceneManifest_Generation = YES;
				INFOPLIST_KEY_UIApplicationSupportsIndirectInputEvents = YES;
				INFOPLIST_KEY_UILaunchScreen_Generation = YES;
				INFOPLIST_KEY_UISupportedInterfaceOrientations_iPad = "UIInterfaceOrientationPortrait UIInterfaceOrientationPortraitUpsideDown UIInterfaceOrientationLandscapeLeft UIInterfaceOrientationLandscapeRight";
				INFOPLIST_KEY_UISupportedInterfaceOrientations_iPhone = "UIInterfaceOrientationPortrait UIInterfaceOrientationLandscapeLeft UIInterfaceOrientationLandscapeRight";
				IPHONEOS_DEPLOYMENT_TARGET = 16.0;
				LD_RUNPATH_SEARCH_PATHS = (
					"$(inherited)",
					"@executable_path/Frameworks",
				);
				MARKETING_VERSION = 1.0;
				PRODUCT_BUNDLE_IDENTIFIER = kumar.rohan.myDanceJourney;
				PRODUCT_NAME = "$(TARGET_NAME)";
				SWIFT_EMIT_LOC_STRINGS = YES;
				SWIFT_VERSION = 5.0;
				TARGETED_DEVICE_FAMILY = "1,2";
			};
			name = Release;
		};
/* End XCBuildConfiguration section */

/* Begin XCConfigurationList section */
		4FFD1EC52A5E1B080033A127 /* Build configuration list for PBXProject "myDanceJourney" */ = {
			isa = XCConfigurationList;
			buildConfigurations = (
				4FFD1ED62A5E1B090033A127 /* Debug */,
				4FFD1ED72A5E1B090033A127 /* Release */,
			);
			defaultConfigurationIsVisible = 0;
			defaultConfigurationName = Release;
		};
		4FFD1ED82A5E1B090033A127 /* Build configuration list for PBXNativeTarget "myDanceJourney" */ = {
			isa = XCConfigurationList;
			buildConfigurations = (
				4FFD1ED92A5E1B090033A127 /* Debug */,
				4FFD1EDA2A5E1B090033A127 /* Release */,
			);
			defaultConfigurationIsVisible = 0;
			defaultConfigurationName = Release;
		};
/* End XCConfigurationList section */
	};
	rootObject = 4FFD1EC22A5E1B080033A127 /* Project object */;
}
